fortio.org/assert v1.2.1 h1:48I39urpeDj65RP1KguF7akCjILNeu6vICiYMEysR7Q=
fortio.org/assert v1.2.1/go.mod h1:039mG+/iYDPO8Ibx8TrNuJCm2T2SuhwRI3uL9nHTTls=
github.com/Yiling-J/theine-go v0.6.2 h1:1GeoXeQ0O0AUkiwj2S9Jc0Mzx+hpqzmqsJ4kIC4M9AY=
github.com/Yiling-J/theine-go v0.6.2/go.mod h1:08QpMa5JZ2pKN+UJCRrCasWYO1IKCdl54Xa836rpmDU=
github.com/cespare/xxhash/v2 v2.3.0 h1:UL815xU9SqsFlibzuggzjXhog7bL6oX9BbNZnL2UFvs=
github.com/cespare/xxhash/v2 v2.3.0/go.mod h1:VGX0DQ3Q6kWi7AoAeZDth3/j3BFtOZR5XLFGgcrjCOs=
github.com/creack/pty v1.1.9/go.mod h1:oKZEueFk5CKHvIhNR5MUki03XCEU+Q6VDXinZuGJ33E=
github.com/davecgh/go-spew v1.1.1 h1:vj9j/u1bqnvCEfJOwUhtlOARqs3+rkHYY13jYWTU97c=
github.com/davecgh/go-spew v1.1.1/go.mod h1:J7Y8YcW2NihsgmVo/mv3lAwl/skON4iLHjSsI+c5H38=
github.com/dgraph-io/ristretto/v2 v2.4.2 h1:x0cvjmUKxt764Yxdk2nr94we1AvPPAMh1rh5TQ+Jo80=
github.com/dgraph-io/ristretto/v2 v2.4.2/go.mod h1:0KsrXtXvnv0EqnzyowllbVJB8yBonswa2lTCK2gGo9E=
github.com/dgryski/go-farm v0.0.0-20240924180020-3414d57e47da h1:aIftn67I1fkbMa512G+w+Pxci9hJPB8oMnkcP3iZF38=
github.com/dgryski/go-farm v0.0.0-20240924180020-3414d57e47da/go.mod h1:SqUrOPUnsFjfmXRMNPybcSiG0BgUW2AuFH8PAnS2iTw=
github.com/dustin/go-humanize v1.0.1 h1:GzkhY7T5VNhEkwH0PVJgjz+fX1rhBrR7pRT3mDkpeCY=
github.com/dustin/go-humanize v1.0.1/go.mod h1:Mu1zIs6XwVuF/gI1OepvI0qD18qycQx+mFykh5fBlto=
github.com/google/go-cmp v0.6.0 h1:ofyhxvXcZhMsU5ulbFiLKl/XBFqE1GSq7atu8tAmTRI=
github.com/google/go-cmp v0.6.0/go.mod h1:17dUlkBOakJ0+DkrSSNjCkIjxS6bF9zb3elmeNGIjoY=
github.com/hashicorp/golang-lru/arc/v2 v2.0.6 h1:4NU7uP5vSoK6TbaMj3NtY478TTAWLso/vL1gpNrInHg=
github.com/hashicorp/golang-lru/arc/v2 v2.0.6/go.mod h1:cfdDIX05DWvYV6/shsxDfa/OVcRieOt+q4FnM8x+Xno=
github.com/hashicorp/golang-lru/v2 v2.0.6 h1:3xi/Cafd1NaoEnS/yDssIiuVeDVywU0QdFGl3aQaQHM=
github.com/hashicorp/golang-lru/v2 v2.0.6/go.mod h1:QeFd9opnmA6QUJc5vARoKUSoFhyfM2/ZepoAG6RGpeM=
github.com/klauspost/cpuid/v2 v2.0.9 h1:lgaqFMSdTdQYdZ04uHyN2d/eKdOMyi2YLSvlQIBFYa4=
github.com/klauspost/cpuid/v2 v2.0.9/go.mod h1:FInQzS24/EEf25PyTYn52gqo7WaD8xa0213Md/qVLRg=
github.com/kr/pretty v0.1.0 h1:L/CwN0zerZDmRFUapSPitk6f+Q3+0za1rQkzVuMiMFI=
github.com/kr/pretty v0.1.0/go.mod h1:dAy3ld7l9f0ibDNOQOHHMYYIIbhfbHSm3C4ZsoJORNo=
github.com/kr/text v0.2.0 h1:5Nx0Ya0ZqY2ygV366QzturHI13Jq95ApcVaJBhpS+AY=
github.com/kr/text v0.2.0/go.mod h1:eLer722TekiGuMkidMxC/pM04lWEeraHUUmBw8l2grE=
github.com/maypok86/otter/v2 v2.3.0 h1:8H8AVVFUSzJwIegKwv1uF5aGitTY+AIrtktg7OcLs8w=
github.com/maypok86/otter/v2 v2.3.0/go.mod h1:XgIdlpmL6jYz882/CAx1E4C1ukfgDKSaw4mWq59+7l8=
github.com/pmezard/go-difflib v1.0.0 h1:4DBwDE0NGyQoBHbLQYPwSUPoCMWR5BEzIk/f1lZbAQM=
github.com/pmezard/go-difflib v1.0.0/go.mod h1:iKH77koFhYxTK1pcRnkKkqfTogsbg7gZNVY4sRDYZ/4=
github.com/scalalang2/golang-fifo v1.2.0 h1:B75sFuYrTetzKs/hFzWu897XEqV71z1TGug125LVMoU=
github.com/scalalang2/golang-fifo v1.2.0/go.mod h1:FxELKz5TUmoNSPufbs2r5ZGdZ+GGGeIG8ehiFamENN8=
github.com/sshaplygin/as-cache v0.3.2-0.20260827185158-1e2e599fdbe9 h1:c6/CkEjP1K1+RtcUEzyje35/EnCuFX+JB8K5PC6pEb4=
github.com/sshaplygin/as-cache v0.3.2-0.20260827185158-1e2e599fdbe9/go.mod h1:zI/4XSlKpdqLyW0+DH4JYEzHpMMgdelJe2PTBjMYcbw=
github.com/sshaplygin/as-cache/bandit v0.3.2-0.20260827185158-1e2e599fdbe9 h1:9ddLHYzaMnHatrx/6k5c/SOGhcNqnBNn6JwCz8tn6AA=
github.com/sshaplygin/as-cache/bandit v0.3.2-0.20260827185158-1e2e599fdbe9/go.mod h1:Qb32t/j/l+Lkqp/82Ldo9RyTrLbyaSeuOd8nVpsPODk=
github.com/sshaplygin/as-cache/lfu v0.3.1 h1:yPEzNMNQM41Z73JDC/dNB6Qaqk7Bs6nP4Xn87VW1SPQ=
github.com/sshaplygin/as-cache/lfu v0.3.1/go.mod h1:zFYyRogE0yEDJuuvvjCasEMvFwzc4/13AmWMfwe0KBQ=
github.com/sshaplygin/as-cache/policies v0.3.2-0.20260827185158-1e2e599fdbe9 h1:IDjNyYb6BIUzdvlWgQ7KoqO+vxtwYINUpNgqIHTJhrE=
github.com/sshaplygin/as-cache/policies v0.3.2-0.20260827185158-1e2e599fdbe9/go.mod h1:SWKP/UbpFWRSPsbSq4G3eNTkdxXk9VEw//fDA3skGUs=
github.com/sshaplygin/as-cache/policies/arc v0.3.2-0.20260827185158-1e2e599fdbe9 h1:XAGKrBSC5pCxcpLad13oH5yd64aCqvGPUwapS3fsWXQ=
github.com/sshaplygin/as-cache/policies/arc v0.3.2-0.20260827185158-1e2e599fdbe9/go.mod h1:1heNne2/wiLF5KIO+SVXxkwElHsKxl5CUbIsivs1jCQ=
github.com/sshaplygin/as-cache/policies/fifo v0.0.0-20260827185158-1e2e599fdbe9 h1:yX4EigBKr7ApPe2fKMMqNxJANMrGnRr+5YSPrFNZAFc=
github.com/sshaplygin/as-cache/policies/fifo v0.0.0-20260827185158-1e2e599fdbe9/go.mod h1:uete7j9ng+y4H6d5AygLjRGYWRxKmjVKBLqSNxb052s=
github.com/sshaplygin/as-cache/policies/tinylfu v0.3.2-0.20260827185158-1e2e599fdbe9 h1:h9jBmYbcFWV1ZBdsxlnPszddljnWbSsuAggjNGlHyUM=
github.com/sshaplygin/as-cache/policies/tinylfu v0.3.2-0.20260827185158-1e2e599fdbe9/go.mod h1:bFghuQ6PbjrojAeSpcoAbtjYNo+vDV1Y8wfPakdyLzM=
github.com/stretchr/testify v1.11.1 h1:7s2iGBzp5EwR7/aIZr8ao5+dra3wiQyKjjFuvgVKu7U=
github.com/stretchr/testify v1.11.1/go.mod h1:wZwfW3scLgRK+23gO65QZefKpKQRnfz6sD981Nm4B6U=
github.com/viccon/sturdyc v1.1.5 h1:GLQDnsyKt3L/tpdWCIARIRefn+5DAyvqu+0irBwt+vk=
github.com/viccon/sturdyc v1.1.5/go.mod h1:OCBEgG/i48uugKQ498UQlfMHmf5j8MYY8a4BApfVnMo=
github.com/zeebo/assert v1.3.0 h1:g7C04CbJuIDKNPFHmsk4hwZDO5O+kntRxzaUoNXj+IQ=
github.com/zeebo/assert v1.3.0/go.mod h1:Pq9JiuJQpG8JLJdtkwrJESF0Foym2/D9XMU5ciN/wJ0=
github.com/zeebo/xxh3 v1.0.2 h1:xZmwmqxHZA8AI603jOQ0tMqmBr9lPeFwGg6d+xy9DC0=
github.com/zeebo/xxh3 v1.0.2/go.mod h1:5NWz9Sef7zIDm2JHfFlcQvNekmcEl9ekUZQQKCYaDcA=
golang.org/x/sync v0.8.0 h1:3NFvSEYkUoMifnESzZl15y791HH1qU2xm6eCJU5ZPXQ=
golang.org/x/sync v0.8.0/go.mod h1:Czt+wKu1gCyEFDUtn0jG5QVvpJ6rzVqr5aXyt9drQfk=
golang.org/x/sys v0.36.0 h1:KVRy2GtZBrk1cBYA7MKu5bEZFxQk4NIDV6RLVcC8o0k=
golang.org/x/sys v0.36.0/go.mod h1:OgkHotnGiDImocRcuBABYBEXf8A9a87e/uXjp9XT3ks=
gopkg.in/check.v1 v0.0.0-20161208181325-20d25e280405/go.mod h1:Co6ibVJAznAaIkqp8huTwlJQCZ016jof/cbN4VW5Yz0=
gopkg.in/check.v1 v1.0.0-20180628173108-788fd7840127 h1:qIbj1fsPNlZgppZ+VLlY7N33q108Sa+fhmuc+sWQYwY=
gopkg.in/check.v1 v1.0.0-20180628173108-788fd7840127/go.mod h1:Co6ibVJAznAaIkqp8huTwlJQCZ016jof/cbN4VW5Yz0=
gopkg.in/yaml.v3 v3.0.1 h1:fxVm/GzAzEWqLHuvctI91KS9hhNmmWOoWu0XTYJS7CA=
gopkg.in/yaml.v3 v3.0.1/go.mod h1:K4uyk7z7BCEPqu6E+C64Yfv1cQ7kz7rIZviUmN+EgEM=
